// !$*UTF8*$!
{
	archiveVersion = 1;
	classes = {
	};
	objectVersion = 46;
	objects = {

/* Begin PBXBuildFile section */
		C04225C61CA9B14300EB3294 /* AppDelegate.swift in Sources */ = {isa = PBXBuildFile; fileRef = C04225C51CA9B14300EB3294 /* AppDelegate.swift */; };
		C04225C81CA9B14300EB3294 /* ViewController.swift in Sources */ = {isa = PBXBuildFile; fileRef = C04225C71CA9B14300EB3294 /* ViewController.swift */; };
		C04225CB1CA9B14300EB3294 /* Main.storyboard in Resources */ = {isa = PBXBuildFile; fileRef = C04225C91CA9B14300EB3294 /* Main.storyboard */; };
		C04225CD1CA9B14300EB3294 /* Assets.xcassets in Resources */ = {isa = PBXBuildFile; fileRef = C04225CC1CA9B14300EB3294 /* Assets.xcassets */; };
		C04225D01CA9B14300EB3294 /* LaunchScreen.storyboard in Resources */ = {isa = PBXBuildFile; fileRef = C04225CE1CA9B14300EB3294 /* LaunchScreen.storyboard */; };
/* End PBXBuildFile section */

/* Begin PBXFileReference section */
		C04225C21CA9B14300EB3294 /* QuickLookDemo.app */ = {isa = PBXFileReference; explicitFileType = wrapper.application; includeInIndex = 0; path = QuickLookDemo.app; sourceTree = BUILT_PRODUCTS_DIR; };
		C04225C51CA9B14300EB3294 /* AppDelegate.swift */ = {isa = PBXFileReference; lastKnownFileType = sourcecode.swift; path = AppDelegate.swift; sourceTree = "<group>"; };
		C04225C71CA9B14300EB3294 /* ViewController.swift */ = {isa = PBXFileReference; lastKnownFileType = sourcecode.swift; path = ViewController.swift; sourceTree = "<group>"; };
		C04225CA1CA9B14300EB3294 /* Base */ = {isa = PBXFileReference; lastKnownFileType = file.storyboard; name = Base; path = Base.lproj/Main.storyboard; sourceTree = "<group>"; };
		C04225CC1CA9B14300EB3294 /* Assets.xcassets */ = {isa = PBXFileReference; lastKnownFileType = folder.assetcatalog; path = Assets.xcassets; sourceTree = "<group>"; };
		C04225CF1CA9B14300EB3294 /* Base */ = {isa = PBXFileReference; lastKnownFileType = file.storyboard; name = Base; path = Base.lproj/LaunchScreen.storyboard; sourceTree = "<group>"; };
		C04225D11CA9B14300EB3294 /* Info.plist */ = {isa = PBXFileReference; lastKnownFileType = text.plist.xml; path = Info.plist; sourceTree = "<group>"; };
/* End PBXFileReference section */

/* Begin PBXFrameworksBuildPhase section */
		C04225BF1CA9B14300EB3294 /* Frameworks */ = {
			isa = PBXFrameworksBuildPhase;
			buildActionMask = 2147483647;
			files = (
			);
			runOnlyForDeploymentPostprocessing = 0;
		};
/* End PBXFrameworksBuildPhase section */

/* Begin PBXGroup section */
		C04225B91CA9B14300EB3294 = {
			isa = PBXGroup;
			children = (
				C04225C41CA9B14300EB3294 /* QuickLookDemo */,
				C04225C31CA9B14300EB3294 /* Products */,
			);
			sourceTree = "<group>";
		};
		C04225C31CA9B14300EB3294 /* Products */ = {
			isa = PBXGroup;
			children = (
				C04225C21CA9B14300EB3294 /* QuickLookDemo.app */,
			);
			name = Products;
			sourceTree = "<group>";
		};
		C04225C41CA9B14300EB3294 /* QuickLookDemo */ = {
			isa = PBXGroup;
			children = (
				C04225C51CA9B14300EB3294 /* AppDelegate.swift */,
				C04225C71CA9B14300EB3294 /* ViewController.swift */,
				C04225C91CA9B14300EB3294 /* Main.storyboard */,
				C04225CC1CA9B14300EB3294 /* Assets.xcassets */,
				C04225CE1CA9B14300EB3294 /* LaunchScreen.storyboard */,
				C04225D11CA9B14300EB3294 /* Info.plist */,
			);
			path = QuickLookDemo;
			sourceTree = "<group>";
		};
/* End PBXGroup section */

/* Begin PBXNativeTarget section */
		C04225C11CA9B14300EB3294 /* QuickLookDemo */ = {
			isa = PBXNativeTarget;
			buildConfigurationList = C04225D41CA9B14300EB3294 /* Build configuration list for PBXNativeTarget "QuickLookDemo" */;
			buildPhases = (
				C04225BE1CA9B14300EB3294 /* Sources */,
				C04225BF1CA9B14300EB3294 /* Frameworks */,
				C04225C01CA9B14300EB3294 /* Resources */,
			);
			buildRules = (
			);
			dependencies = (
			);
			name = QuickLookDemo;
			productName = QuickLookDemo;
			productReference = C04225C21CA9B14300EB3294 /* QuickLookDemo.app */;
			productType = "com.apple.product-type.application";
		};
/* End PBXNativeTarget section */

/* Begin PBXProject section */
		C04225BA1CA9B14300EB3294 /* Project object */ = {
			isa = PBXProject;
			attributes = {
				LastSwiftUpdateCheck = 0720;
				LastUpgradeCheck = 0720;
				ORGANIZATIONNAME = Appcoda;
				TargetAttributes = {
					C04225C11CA9B14300EB3294 = {
						CreatedOnToolsVersion = 7.2;
					};
				};
			};
			buildConfigurationList = C04225BD1CA9B14300EB3294 /* Build configuration list for PBXProject "QuickLookDemo" */;
			compatibilityVersion = "Xcode 3.2";
			developmentRegion = English;
			hasScannedForEncodings = 0;
			knownRegions = (
				en,
				Base,
			);
			mainGroup = C04225B91CA9B14300EB3294;
			productRefGroup = C04225C31CA9B14300EB3294 /* Products */;
			projectDirPath = "";
			projectRoot = "";
			targets = (
				C04225C11CA9B14300EB3294 /* QuickLookDemo */,
			);
		};
/* End PBXProject section */

/* Begin PBXResourcesBuildPhase section */
		C04225C01CA9B14300EB3294 /* Resources */ = {
			isa = PBXResourcesBuildPhase;
			buildActionMask = 2147483647;
			files = (
				C04225D01CA9B14300EB3294 /* LaunchScreen.storyboard in Resources */,
				C04225CD1CA9B14300EB3294 /* Assets.xcassets in Resources */,
				C04225CB1CA9B14300EB3294 /* Main.storyboard in Resources */,
			);
			runOnlyForDeploymentPostprocessing = 0;
		};
/* End PBXResourcesBuildPhase section */

/* Begin PBXSourcesBuildPhase section */
		C04225BE1CA9B14300EB3294 /* Sources */ = {
			isa = PBXSourcesBuildPhase;
			buildActionMask = 2147483647;
			files = (
				C04225C81CA9B14300EB3294 /* ViewController.swift in Sources */,
				C04225C61CA9B14300EB3294 /* AppDelegate.swift in Sources */,
			);
			runOnlyForDeploymentPostprocessing = 0;
		};
/* End PBXSourcesBuildPhase section */

/* Begin PBXVariantGroup section */
		C04225C91CA9B14300EB3294 /* Main.storyboard */ = {
			isa = PBXVariantGroup;
			children = (
				C04225CA1CA9B14300EB3294 /* Base */,
			);
			name = Main.storyboard;
			sourceTree = "<group>";
		};
		C04225CE1CA9B14300EB3294 /* LaunchScreen.storyboard */ = {
			isa = PBXVariantGroup;
			children = (
				C04225CF1CA9B14300EB3294 /* Base */,
			);
			name = LaunchScreen.storyboard;
			sourceTree = "<group>";
		};
/* End PBXVariantGroup section */

/* Begin XCBuildConfiguration section */
		C04225D21CA9B14300EB3294 /* Debug */ = {
			isa = XCBuildConfiguration;
			buildSettings = {
				ALWAYS_SEARCH_USER_PATHS = NO;
				CLANG_CXX_LANGUAGE_STANDARD = "gnu++0x";
				CLANG_CXX_LIBRARY = "libc++";
				CLANG_ENABLE_MODULES = YES;
				CLANG_ENABLE_OBJC_ARC = YES;
				CLANG_WARN_BOOL_CONVERSION = YES;
				CLANG_WARN_CONSTANT_CONVERSION = YES;
				CLANG_WARN_DIRECT_OBJC_ISA_USAGE = YES_ERROR;
				CLANG_WARN_EMPTY_BODY = YES;
				CLANG_WARN_ENUM_CONVERSION = YES;
				CLANG_WARN_INT_CONVERSION = YES;
				CLANG_WARN_OBJC_ROOT_CLASS = YES_ERROR;
				CLANG_WARN_UNREACHABLE_CODE = YES;
				CLANG_WARN__DUPLICATE_METHOD_MATCH = YES;
				"CODE_SIGN_IDENTITY[sdk=iphoneos*]" = "iPhone Developer";
				COPY_PHASE_STRIP = NO;
				DEBUG_INFORMATION_FORMAT = dwarf;
				ENABLE_STRICT_OBJC_MSGSEND = YES;
				ENABLE_TESTABILITY = YES;
				GCC_C_LANGUAGE_STANDARD = gnu99;
				GCC_DYNAMIC_NO_PIC = NO;
				GCC_NO_COMMON_BLOCKS = YES;
				GCC_OPTIMIZATION_LEVEL = 0;
				GCC_PREPROCESSOR_DEFINITIONS = (
					"DEBUG=1",
					"$(inherited)",
				);
				GCC_WARN_64_TO_32_BIT_CONVERSION = YES;
				GCC_WARN_ABOUT_RETURN_TYPE = YES_ERROR;
				GCC_WARN_UNDECLARED_SELECTOR = YES;
				GCC_WARN_UNINITIALIZED_AUTOS = YES_AGGRESSIVE;
				GCC_WARN_UNUSED_FUNCTION = YES;
				GCC_WARN_UNUSED_VARIABLE = YES;
				IPHONEOS_DEPLOYMENT_TARGET = 9.2;
				MTL_ENABLE_DEBUG_INFO = YES;
				ONLY_ACTIVE_ARCH = YES;
				SDKROOT = iphoneos;
				SWIFT_OPTIMIZATION_LEVEL = "-Onone";
				TARGETED_DEVICE_FAMILY = "1,2";
			};
			name = Debug;
		};
		C04225D31CA9B14300EB3294 /* Release */ = {
			isa = XCBuildConfiguration;
			buildSettings = {
				ALWAYS_SEARCH_USER_PATHS = NO;
				CLANG_CXX_LANGUAGE_STANDARD = "gnu++0x";
				CLANG_CXX_LIBRARY = "libc++";
				CLANG_ENABLE_MODULES = YES;
				CLANG_ENABLE_OBJC_ARC = YES;
				CLANG_WARN_BOOL_CONVERSION = YES;
				CLANG_WARN_CONSTANT_CONVERSION = YES;
				CLANG_WARN_DIRECT_OBJC_ISA_USAGE = YES_ERROR;
				CLANG_WARN_EMPTY_BODY = YES;
				CLANG_WARN_ENUM_CONVERSION = YES;
				CLANG_WARN_INT_CONVERSION = YES;
				CLANG_WARN_OBJC_ROOT_CLASS = YES_ERROR;
				CLANG_WARN_UNREACHABLE_CODE = YES;
				CLANG_WARN__DUPLICATE_METHOD_MATCH = YES;
				"CODE_SIGN_IDENTITY[sdk=iphoneos*]" = "iPhone Developer";
				COPY_PHASE_STRIP = NO;
				DEBUG_INFORMATION_FORMAT = "dwarf-with-dsym";
				ENABLE_NS_ASSERTIONS = NO;
				ENABLE_STRICT_OBJC_MSGSEND = YES;
				GCC_C_LANGUAGE_STANDARD = gnu99;
				GCC_NO_COMMON_BLOCKS = YES;
				GCC_WARN_64_TO_32_BIT_CONVERSION = YES;
				GCC_WARN_ABOUT_RETURN_TYPE = YES_ERROR;
				GCC_WARN_UNDECLARED_SELECTOR = YES;
				GCC_WARN_UNINITIALIZED_AUTOS = YES_AGGRESSIVE;
				GCC_WARN_UNUSED_FUNCTION = YES;
				GCC_WARN_UNUSED_VARIABLE = YES;
				IPHONEOS_DEPLOYMENT_TARGET = 9.2;
				MTL_ENABLE_DEBUG_INFO = NO;
				SDKROOT = iphoneos;
				TARGETED_DEVICE_FAMILY = "1,2";
				VALIDATE_PRODUCT = YES;
			};
			name = Release;
		};
		C04225D51CA9B14300EB3294 /* Debug */ = {
			isa = XCBuildConfiguration;
			buildSettings = {
				ASSETCATALOG_COMPILER_APPICON_NAME = AppIcon;
				INFOPLIST_FILE = QuickLookDemo/Info.plist;
				LD_RUNPATH_SEARCH_PATHS = "$(inherited) @executable_path/Frameworks";
				PRODUCT_BUNDLE_IDENTIFIER = com.appcoda.QuickLookDemo;
				PRODUCT_NAME = "$(TARGET_NAME)";
			};
			name = Debug;
		};
		C04225D61CA9B14300EB3294 /* Release */ = {
			isa = XCBuildConfiguration;
			buildSettings = {
				ASSETCATALOG_COMPILER_APPICON_NAME = AppIcon;
				INFOPLIST_FILE = QuickLookDemo/Info.plist;
				LD_RUNPATH_SEARCH_PATHS = "$(inherited) @executable_path/Frameworks";
				PRODUCT_BUNDLE_IDENTIFIER = com.appcoda.QuickLookDemo;
				PRODUCT_NAME = "$(TARGET_NAME)";
			};
			name = Release;
		};
/* End XCBuildConfiguration section */

/* Begin XCConfigurationList section */
		C04225BD1CA9B14300EB3294 /* Build configuration list for PBXProject "QuickLookDemo" */ = {
			isa = XCConfigurationList;
			buildConfigurations = (
				C04225D21CA9B14300EB3294 /* Debug */,
				C04225D31CA9B14300EB3294 /* Release */,
			);
			defaultConfigurationIsVisible = 0;
			defaultConfigurationName = Release;
		};
		C04225D41CA9B14300EB3294 /* Build configuration list for PBXNativeTarget "QuickLookDemo" */ = {
			isa = XCConfigurationList;
			buildConfigurations = (
				C04225D51CA9B14300EB3294 /* Debug */,
				C04225D61CA9B14300EB3294 /* Release */,
			);
			defaultConfigurationIsVisible = 0;
		};
/* End XCConfigurationList section */
	};
	rootObject = C04225BA1CA9B14300EB3294 /* Project object */;
}
